version = 1
requires-python = ">=3.11.8"

[[package]]
name = "structlog"
version = "25.1.0"
source = { registry = "https://pypi.org/simple" }
sdist = { url = "https://files.pythonhosted.org/packages/25/fe/578db23e17392a8693b45a7b7dc6985370f51dd937157def8ecc7b20930d/structlog-25.1.0.tar.gz", hash = "sha256:2ef2a572e0e27f09664965d31a576afe64e46ac6084ef5cec3c2b8cd6e4e3ad3", size = 1364973 }
wheels = [
    { url = "https://files.pythonhosted.org/packages/c1/14/e9aed6c820fa166e8a19a19e663e98bd5538004d68a70c5752458ca3656e/structlog-25.1.0-py3-none-any.whl", hash = "sha256:843fe4f254540329f380812cbe612e1af5ec5b8172205ae634679cd35a6d6321", size = 68921 },
]

[[package]]
name = "template-py"
version = "0.1.0"
source = { editable = "." }
dependencies = [
    { name = "structlog" },
]

[package.metadata]
requires-dist = [{ name = "structlog", specifier = ">=25.1.0" }]
